
Microsoft Visual Studio Solution File, Format Version 12.00
# Visual Studio Version 16
VisualStudioVersion = 16.0.30320.27
MinimumVisualStudioVersion = 10.0.40219.1
Project("{9A19103F-16F7-4668-BE54-9A1E7A4F7556}") = "LazyDev.Utilities", "src\LazyDev.Utilities\LazyDev.Utilities.csproj", "{D5BAA373-A388-4E34-A37B-A148EE2D217A}"
EndProject
Project("{9A19103F-16F7-4668-BE54-9A1E7A4F7556}") = "SampleWeb", "src\SampleWeb\SampleWeb.csproj", "{65ADA030-74B6-4C5D-B285-7F8FEEC91EFA}"
EndProject
Project("{9A19103F-16F7-4668-BE54-9A1E7A4F7556}") = "LazyDev.AspNetCore", "src\LazyDev.AspNetCore\LazyDev.AspNetCore.csproj", "{A4B8E2A0-C7A1-4139-A4CD-DC2D4DD35A52}"
EndProject
Project("{9A19103F-16F7-4668-BE54-9A1E7A4F7556}") = "lazyDev.Dapper", "src\lazyDev.Dapper\lazyDev.Dapper.csproj", "{FD302891-92AC-4614-9BAF-EDCAB9D245D6}"
EndProject
Project("{9A19103F-16F7-4668-BE54-9A1E7A4F7556}") = "LazyDev.Test", "src\LazyDev.Test\LazyDev.Test.csproj", "{346BE550-B2D9-4F4D-82F1-641C4E3853C7}"
EndProject
Project("{9A19103F-16F7-4668-BE54-9A1E7A4F7556}") = "LazyDev.Log", "src\LazyDev.Log\LazyDev.Log.csproj", "{0BDC4BD1-C657-475E-9D2D-0DB7A73BC0B4}"
EndProject
Project("{2150E333-8FDC-42A3-9474-1A3956D46DE8}") = "Library", "Library", "{9D724CD9-D049-46BD-A385-6D224A89DDC3}"
EndProject
Project("{2150E333-8FDC-42A3-9474-1A3956D46DE8}") = "QuickStart", "QuickStart", "{1572A89F-38AA-4C58-A160-5441A27A3601}"
EndProject
Project("{9A19103F-16F7-4668-BE54-9A1E7A4F7556}") = "Sample.Services", "src\Sample.Core\Sample.Services.csproj", "{BD74AA7B-DD90-42AD-AA23-A3C036B12419}"
EndProject
Project("{9A19103F-16F7-4668-BE54-9A1E7A4F7556}") = "Sample.Dal", "src\Sample.Infrastructure\Sample.Dal.csproj", "{F8A2372E-951F-4E44-8C10-F88BF0F2C551}"
EndProject
Project("{9A19103F-16F7-4668-BE54-9A1E7A4F7556}") = "LazyDev.Log.Postgres", "src\LazyDev.Log.Postgres\LazyDev.Log.Postgres.csproj", "{7D62D77C-2C6F-470C-92C2-E0D216CCEF51}"
EndProject
Project("{9A19103F-16F7-4668-BE54-9A1E7A4F7556}") = "LazyDev.Assemblies", "src\LazyDev.Assemblies\LazyDev.Assemblies.csproj", "{B94D74D9-5682-416E-8C83-5BC9211E48AE}"
EndProject
Project("{FAE04EC0-301F-11D3-BF4B-00C04F79EFBC}") = "Rock.Core", "src\Rock.Core\Rock.Core.csproj", "{921127FB-D575-4262-A79D-C0D057C4F94D}"
EndProject
Project("{FAE04EC0-301F-11D3-BF4B-00C04F79EFBC}") = "Rock.Infrastructure", "src\Rock.Infrastructure\Rock.Infrastructure.csproj", "{FCDD0B60-233B-487F-939C-E3F6A496F634}"
EndProject
Project("{FAE04EC0-301F-11D3-BF4B-00C04F79EFBC}") = "Rock.Application", "src\Rock.Application\Rock.Application.csproj", "{E32071FE-D6FE-4939-8547-CDB2C4EAC366}"
EndProject
Project("{FAE04EC0-301F-11D3-BF4B-00C04F79EFBC}") = "Rock.WebApi", "src\Rock.WebApi\Rock.WebApi.csproj", "{4E78729F-1075-4FEA-9283-C463CA2419E3}"
EndProject
Global
	GlobalSection(SolutionConfigurationPlatforms) = preSolution
		Debug|Any CPU = Debug|Any CPU
		Release|Any CPU = Release|Any CPU
	EndGlobalSection
	GlobalSection(ProjectConfigurationPlatforms) = postSolution
		{D5BAA373-A388-4E34-A37B-A148EE2D217A}.Debug|Any CPU.ActiveCfg = Debug|Any CPU
		{D5BAA373-A388-4E34-A37B-A148EE2D217A}.Debug|Any CPU.Build.0 = Debug|Any CPU
		{D5BAA373-A388-4E34-A37B-A148EE2D217A}.Release|Any CPU.ActiveCfg = Release|Any CPU
		{D5BAA373-A388-4E34-A37B-A148EE2D217A}.Release|Any CPU.Build.0 = Release|Any CPU
		{65ADA030-74B6-4C5D-B285-7F8FEEC91EFA}.Debug|Any CPU.ActiveCfg = Debug|Any CPU
		{65ADA030-74B6-4C5D-B285-7F8FEEC91EFA}.Debug|Any CPU.Build.0 = Debug|Any CPU
		{65ADA030-74B6-4C5D-B285-7F8FEEC91EFA}.Release|Any CPU.ActiveCfg = Release|Any CPU
		{65ADA030-74B6-4C5D-B285-7F8FEEC91EFA}.Release|Any CPU.Build.0 = Release|Any CPU
		{A4B8E2A0-C7A1-4139-A4CD-DC2D4DD35A52}.Debug|Any CPU.ActiveCfg = Debug|Any CPU
		{A4B8E2A0-C7A1-4139-A4CD-DC2D4DD35A52}.Debug|Any CPU.Build.0 = Debug|Any CPU
		{A4B8E2A0-C7A1-4139-A4CD-DC2D4DD35A52}.Release|Any CPU.ActiveCfg = Release|Any CPU
		{A4B8E2A0-C7A1-4139-A4CD-DC2D4DD35A52}.Release|Any CPU.Build.0 = Release|Any CPU
		{FD302891-92AC-4614-9BAF-EDCAB9D245D6}.Debug|Any CPU.ActiveCfg = Debug|Any CPU
		{FD302891-92AC-4614-9BAF-EDCAB9D245D6}.Debug|Any CPU.Build.0 = Debug|Any CPU
		{FD302891-92AC-4614-9BAF-EDCAB9D245D6}.Release|Any CPU.ActiveCfg = Release|Any CPU
		{FD302891-92AC-4614-9BAF-EDCAB9D245D6}.Release|Any CPU.Build.0 = Release|Any CPU
		{346BE550-B2D9-4F4D-82F1-641C4E3853C7}.Debug|Any CPU.ActiveCfg = Debug|Any CPU
		{346BE550-B2D9-4F4D-82F1-641C4E3853C7}.Debug|Any CPU.Build.0 = Debug|Any CPU
		{346BE550-B2D9-4F4D-82F1-641C4E3853C7}.Release|Any CPU.ActiveCfg = Release|Any CPU
		{346BE550-B2D9-4F4D-82F1-641C4E3853C7}.Release|Any CPU.Build.0 = Release|Any CPU
		{0BDC4BD1-C657-475E-9D2D-0DB7A73BC0B4}.Debug|Any CPU.ActiveCfg = Debug|Any CPU
		{0BDC4BD1-C657-475E-9D2D-0DB7A73BC0B4}.Debug|Any CPU.Build.0 = Debug|Any CPU
		{0BDC4BD1-C657-475E-9D2D-0DB7A73BC0B4}.Release|Any CPU.ActiveCfg = Release|Any CPU
		{0BDC4BD1-C657-475E-9D2D-0DB7A73BC0B4}.Release|Any CPU.Build.0 = Release|Any CPU
		{BD74AA7B-DD90-42AD-AA23-A3C036B12419}.Debug|Any CPU.ActiveCfg = Debug|Any CPU
		{BD74AA7B-DD90-42AD-AA23-A3C036B12419}.Debug|Any CPU.Build.0 = Debug|Any CPU
		{BD74AA7B-DD90-42AD-AA23-A3C036B12419}.Release|Any CPU.ActiveCfg = Release|Any CPU
		{BD74AA7B-DD90-42AD-AA23-A3C036B12419}.Release|Any CPU.Build.0 = Release|Any CPU
		{F8A2372E-951F-4E44-8C10-F88BF0F2C551}.Debug|Any CPU.ActiveCfg = Debug|Any CPU
		{F8A2372E-951F-4E44-8C10-F88BF0F2C551}.Debug|Any CPU.Build.0 = Debug|Any CPU
		{F8A2372E-951F-4E44-8C10-F88BF0F2C551}.Release|Any CPU.ActiveCfg = Release|Any CPU
		{F8A2372E-951F-4E44-8C10-F88BF0F2C551}.Release|Any CPU.Build.0 = Release|Any CPU
		{7D62D77C-2C6F-470C-92C2-E0D216CCEF51}.Debug|Any CPU.ActiveCfg = Debug|Any CPU
		{7D62D77C-2C6F-470C-92C2-E0D216CCEF51}.Debug|Any CPU.Build.0 = Debug|Any CPU
		{7D62D77C-2C6F-470C-92C2-E0D216CCEF51}.Release|Any CPU.ActiveCfg = Release|Any CPU
		{7D62D77C-2C6F-470C-92C2-E0D216CCEF51}.Release|Any CPU.Build.0 = Release|Any CPU
		{B94D74D9-5682-416E-8C83-5BC9211E48AE}.Debug|Any CPU.ActiveCfg = Debug|Any CPU
		{B94D74D9-5682-416E-8C83-5BC9211E48AE}.Debug|Any CPU.Build.0 = Debug|Any CPU
		{B94D74D9-5682-416E-8C83-5BC9211E48AE}.Release|Any CPU.ActiveCfg = Release|Any CPU
		{B94D74D9-5682-416E-8C83-5BC9211E48AE}.Release|Any CPU.Build.0 = Release|Any CPU
		{921127FB-D575-4262-A79D-C0D057C4F94D}.Debug|Any CPU.ActiveCfg = Debug|Any CPU
		{921127FB-D575-4262-A79D-C0D057C4F94D}.Debug|Any CPU.Build.0 = Debug|Any CPU
		{921127FB-D575-4262-A79D-C0D057C4F94D}.Release|Any CPU.ActiveCfg = Release|Any CPU
		{921127FB-D575-4262-A79D-C0D057C4F94D}.Release|Any CPU.Build.0 = Release|Any CPU
		{FCDD0B60-233B-487F-939C-E3F6A496F634}.Debug|Any CPU.ActiveCfg = Debug|Any CPU
		{FCDD0B60-233B-487F-939C-E3F6A496F634}.Debug|Any CPU.Build.0 = Debug|Any CPU
		{FCDD0B60-233B-487F-939C-E3F6A496F634}.Release|Any CPU.ActiveCfg = Release|Any CPU
		{FCDD0B60-233B-487F-939C-E3F6A496F634}.Release|Any CPU.Build.0 = Release|Any CPU
		{E32071FE-D6FE-4939-8547-CDB2C4EAC366}.Debug|Any CPU.ActiveCfg = Debug|Any CPU
		{E32071FE-D6FE-4939-8547-CDB2C4EAC366}.Debug|Any CPU.Build.0 = Debug|Any CPU
		{E32071FE-D6FE-4939-8547-CDB2C4EAC366}.Release|Any CPU.ActiveCfg = Release|Any CPU
		{E32071FE-D6FE-4939-8547-CDB2C4EAC366}.Release|Any CPU.Build.0 = Release|Any CPU
		{4E78729F-1075-4FEA-9283-C463CA2419E3}.Debug|Any CPU.ActiveCfg = Debug|Any CPU
		{4E78729F-1075-4FEA-9283-C463CA2419E3}.Debug|Any CPU.Build.0 = Debug|Any CPU
		{4E78729F-1075-4FEA-9283-C463CA2419E3}.Release|Any CPU.ActiveCfg = Release|Any CPU
		{4E78729F-1075-4FEA-9283-C463CA2419E3}.Release|Any CPU.Build.0 = Release|Any CPU
	EndGlobalSection
	GlobalSection(SolutionProperties) = preSolution
		HideSolutionNode = FALSE
	EndGlobalSection
	GlobalSection(NestedProjects) = preSolution
		{D5BAA373-A388-4E34-A37B-A148EE2D217A} = {9D724CD9-D049-46BD-A385-6D224A89DDC3}
		{65ADA030-74B6-4C5D-B285-7F8FEEC91EFA} = {1572A89F-38AA-4C58-A160-5441A27A3601}
		{A4B8E2A0-C7A1-4139-A4CD-DC2D4DD35A52} = {9D724CD9-D049-46BD-A385-6D224A89DDC3}
		{FD302891-92AC-4614-9BAF-EDCAB9D245D6} = {9D724CD9-D049-46BD-A385-6D224A89DDC3}
		{346BE550-B2D9-4F4D-82F1-641C4E3853C7} = {9D724CD9-D049-46BD-A385-6D224A89DDC3}
		{0BDC4BD1-C657-475E-9D2D-0DB7A73BC0B4} = {9D724CD9-D049-46BD-A385-6D224A89DDC3}
		{BD74AA7B-DD90-42AD-AA23-A3C036B12419} = {1572A89F-38AA-4C58-A160-5441A27A3601}
		{F8A2372E-951F-4E44-8C10-F88BF0F2C551} = {1572A89F-38AA-4C58-A160-5441A27A3601}
		{7D62D77C-2C6F-470C-92C2-E0D216CCEF51} = {9D724CD9-D049-46BD-A385-6D224A89DDC3}
		{B94D74D9-5682-416E-8C83-5BC9211E48AE} = {9D724CD9-D049-46BD-A385-6D224A89DDC3}
		{921127FB-D575-4262-A79D-C0D057C4F94D} = {1572A89F-38AA-4C58-A160-5441A27A3601}
		{FCDD0B60-233B-487F-939C-E3F6A496F634} = {1572A89F-38AA-4C58-A160-5441A27A3601}
		{E32071FE-D6FE-4939-8547-CDB2C4EAC366} = {1572A89F-38AA-4C58-A160-5441A27A3601}
		{4E78729F-1075-4FEA-9283-C463CA2419E3} = {1572A89F-38AA-4C58-A160-5441A27A3601}
	EndGlobalSection
	GlobalSection(ExtensibilityGlobals) = postSolution
		SolutionGuid = {DABBCDCB-BD5A-49E1-B205-F5227FE92F3A}
	EndGlobalSection
EndGlobal
